
Microsoft Visual Studio Solution File, Format Version 12.00
# Visual Studio Version 16
VisualStudioVersion = 16.0.30309.148
MinimumVisualStudioVersion = 10.0.40219.1
Project("{8BC9CEB8-8B4A-11D0-8D11-00A0C91BC942}") = "lecture7", "lecture7\lecture7.vcxproj", "{8968C769-A7F3-4B5D-B1E2-F287C21B0476}"
EndProject
Project("{8BC9CEB8-8B4A-11D0-8D11-00A0C91BC942}") = "Project2", "Project2\Project2.vcxproj", "{80D4B5C1-C863-4AC4-B2D8-DBA9CB28DF8D}"
EndProject
Project("{8BC9CEB8-8B4A-11D0-8D11-00A0C91BC942}") = "Project3", "Project3\Project3.vcxproj", "{88497928-4DBF-458E-9B16-E3E75752CECE}"
EndProject
Project("{8BC9CEB8-8B4A-11D0-8D11-00A0C91BC942}") = "Project4", "Project4\Project4.vcxproj", "{A401067F-CEA2-4002-9E90-31B7BD7B31AA}"
EndProject
Project("{8BC9CEB8-8B4A-11D0-8D11-00A0C91BC942}") = "Project5", "Project5\Project5.vcxproj", "{96CD5AFD-B395-468A-9FF1-6DB5F442F27A}"
EndProject
Global
	GlobalSection(SolutionConfigurationPlatforms) = preSolution
		Debug|x64 = Debug|x64
		Debug|x86 = Debug|x86
		Release|x64 = Release|x64
		Release|x86 = Release|x86
	EndGlobalSection
	GlobalSection(ProjectConfigurationPlatforms) = postSolution
		{8968C769-A7F3-4B5D-B1E2-F287C21B0476}.Debug|x64.ActiveCfg = Debug|x64
		{8968C769-A7F3-4B5D-B1E2-F287C21B0476}.Debug|x64.Build.0 = Debug|x64
		{8968C769-A7F3-4B5D-B1E2-F287C21B0476}.Debug|x86.ActiveCfg = Debug|Win32
		{8968C769-A7F3-4B5D-B1E2-F287C21B0476}.Debug|x86.Build.0 = Debug|Win32
		{8968C769-A7F3-4B5D-B1E2-F287C21B0476}.Release|x64.ActiveCfg = Release|x64
		{8968C769-A7F3-4B5D-B1E2-F287C21B0476}.Release|x64.Build.0 = Release|x64
		{8968C769-A7F3-4B5D-B1E2-F287C21B0476}.Release|x86.ActiveCfg = Release|Win32
		{8968C769-A7F3-4B5D-B1E2-F287C21B0476}.Release|x86.Build.0 = Release|Win32
		{80D4B5C1-C863-4AC4-B2D8-DBA9CB28DF8D}.Debug|x64.ActiveCfg = Debug|x64
		{80D4B5C1-C863-4AC4-B2D8-DBA9CB28DF8D}.Debug|x64.Build.0 = Debug|x64
		{80D4B5C1-C863-4AC4-B2D8-DBA9CB28DF8D}.Debug|x86.ActiveCfg = Debug|Win32
		{80D4B5C1-C863-4AC4-B2D8-DBA9CB28DF8D}.Debug|x86.Build.0 = Debug|Win32
		{80D4B5C1-C863-4AC4-B2D8-DBA9CB28DF8D}.Release|x64.ActiveCfg = Release|x64
		{80D4B5C1-C863-4AC4-B2D8-DBA9CB28DF8D}.Release|x64.Build.0 = Release|x64
		{80D4B5C1-C863-4AC4-B2D8-DBA9CB28DF8D}.Release|x86.ActiveCfg = Release|Win32
		{80D4B5C1-C863-4AC4-B2D8-DBA9CB28DF8D}.Release|x86.Build.0 = Release|Win32
		{88497928-4DBF-458E-9B16-E3E75752CECE}.Debug|x64.ActiveCfg = Debug|x64
		{88497928-4DBF-458E-9B16-E3E75752CECE}.Debug|x64.Build.0 = Debug|x64
		{88497928-4DBF-458E-9B16-E3E75752CECE}.Debug|x86.ActiveCfg = Debug|Win32
		{88497928-4DBF-458E-9B16-E3E75752CECE}.Debug|x86.Build.0 = Debug|Win32
		{88497928-4DBF-458E-9B16-E3E75752CECE}.Release|x64.ActiveCfg = Release|x64
		{88497928-4DBF-458E-9B16-E3E75752CECE}.Release|x64.Build.0 = Release|x64
		{88497928-4DBF-458E-9B16-E3E75752CECE}.Release|x86.ActiveCfg = Release|Win32
		{88497928-4DBF-458E-9B16-E3E75752CECE}.Release|x86.Build.0 = Release|Win32
		{A401067F-CEA2-4002-9E90-31B7BD7B31AA}.Debug|x64.ActiveCfg = Debug|x64
		{A401067F-CEA2-4002-9E90-31B7BD7B31AA}.Debug|x64.Build.0 = Debug|x64
		{A401067F-CEA2-4002-9E90-31B7BD7B31AA}.Debug|x86.ActiveCfg = Debug|Win32
		{A401067F-CEA2-4002-9E90-31B7BD7B31AA}.Debug|x86.Build.0 = Debug|Win32
		{A401067F-CEA2-4002-9E90-31B7BD7B31AA}.Release|x64.ActiveCfg = Release|x64
		{A401067F-CEA2-4002-9E90-31B7BD7B31AA}.Release|x64.Build.0 = Release|x64
		{A401067F-CEA2-4002-9E90-31B7BD7B31AA}.Release|x86.ActiveCfg = Release|Win32
		{A401067F-CEA2-4002-9E90-31B7BD7B31AA}.Release|x86.Build.0 = Release|Win32
		{96CD5AFD-B395-468A-9FF1-6DB5F442F27A}.Debug|x64.ActiveCfg = Debug|x64
		{96CD5AFD-B395-468A-9FF1-6DB5F442F27A}.Debug|x64.Build.0 = Debug|x64
		{96CD5AFD-B395-468A-9FF1-6DB5F442F27A}.Debug|x86.ActiveCfg = Debug|Win32
		{96CD5AFD-B395-468A-9FF1-6DB5F442F27A}.Debug|x86.Build.0 = Debug|Win32
		{96CD5AFD-B395-468A-9FF1-6DB5F442F27A}.Release|x64.ActiveCfg = Release|x64
		{96CD5AFD-B395-468A-9FF1-6DB5F442F27A}.Release|x64.Build.0 = Release|x64
		{96CD5AFD-B395-468A-9FF1-6DB5F442F27A}.Release|x86.ActiveCfg = Release|Win32
		{96CD5AFD-B395-468A-9FF1-6DB5F442F27A}.Release|x86.Build.0 = Release|Win32
	EndGlobalSection
	GlobalSection(SolutionProperties) = preSolution
		HideSolutionNode = FALSE
	EndGlobalSection
	GlobalSection(ExtensibilityGlobals) = postSolution
		SolutionGuid = {6E121F9E-09DB-4A54-9BB8-268063E40D58}
	EndGlobalSection
EndGlobal
