
Microsoft Visual Studio Solution File, Format Version 12.00
# Visual Studio Version 16
VisualStudioVersion = 16.0.30309.148
MinimumVisualStudioVersion = 10.0.40219.1
Project("{8BC9CEB8-8B4A-11D0-8D11-00A0C91BC942}") = "Project1", "Project1\Project1.vcxproj", "{91792689-F7E3-44A4-8F4C-AA667A5A4677}"
EndProject
Project("{8BC9CEB8-8B4A-11D0-8D11-00A0C91BC942}") = "Project2", "Project2\Project2.vcxproj", "{5E6DDA1A-0B6E-4537-997B-69025218FC92}"
EndProject
Project("{8BC9CEB8-8B4A-11D0-8D11-00A0C91BC942}") = "Project3", "Project3\Project3.vcxproj", "{ECC52FCF-B901-4CD3-B3F3-BF1931D0A806}"
EndProject
Project("{8BC9CEB8-8B4A-11D0-8D11-00A0C91BC942}") = "Project4", "Project4\Project4.vcxproj", "{77E18774-A8D5-479B-B327-777877CA4C2F}"
EndProject
Global
	GlobalSection(SolutionConfigurationPlatforms) = preSolution
		Debug|x64 = Debug|x64
		Debug|x86 = Debug|x86
		Release|x64 = Release|x64
		Release|x86 = Release|x86
	EndGlobalSection
	GlobalSection(ProjectConfigurationPlatforms) = postSolution
		{91792689-F7E3-44A4-8F4C-AA667A5A4677}.Debug|x64.ActiveCfg = Debug|x64
		{91792689-F7E3-44A4-8F4C-AA667A5A4677}.Debug|x64.Build.0 = Debug|x64
		{91792689-F7E3-44A4-8F4C-AA667A5A4677}.Debug|x86.ActiveCfg = Debug|Win32
		{91792689-F7E3-44A4-8F4C-AA667A5A4677}.Debug|x86.Build.0 = Debug|Win32
		{91792689-F7E3-44A4-8F4C-AA667A5A4677}.Release|x64.ActiveCfg = Release|x64
		{91792689-F7E3-44A4-8F4C-AA667A5A4677}.Release|x64.Build.0 = Release|x64
		{91792689-F7E3-44A4-8F4C-AA667A5A4677}.Release|x86.ActiveCfg = Release|Win32
		{91792689-F7E3-44A4-8F4C-AA667A5A4677}.Release|x86.Build.0 = Release|Win32
		{5E6DDA1A-0B6E-4537-997B-69025218FC92}.Debug|x64.ActiveCfg = Debug|x64
		{5E6DDA1A-0B6E-4537-997B-69025218FC92}.Debug|x64.Build.0 = Debug|x64
		{5E6DDA1A-0B6E-4537-997B-69025218FC92}.Debug|x86.ActiveCfg = Debug|Win32
		{5E6DDA1A-0B6E-4537-997B-69025218FC92}.Debug|x86.Build.0 = Debug|Win32
		{5E6DDA1A-0B6E-4537-997B-69025218FC92}.Release|x64.ActiveCfg = Release|x64
		{5E6DDA1A-0B6E-4537-997B-69025218FC92}.Release|x64.Build.0 = Release|x64
		{5E6DDA1A-0B6E-4537-997B-69025218FC92}.Release|x86.ActiveCfg = Release|Win32
		{5E6DDA1A-0B6E-4537-997B-69025218FC92}.Release|x86.Build.0 = Release|Win32
		{ECC52FCF-B901-4CD3-B3F3-BF1931D0A806}.Debug|x64.ActiveCfg = Debug|x64
		{ECC52FCF-B901-4CD3-B3F3-BF1931D0A806}.Debug|x64.Build.0 = Debug|x64
		{ECC52FCF-B901-4CD3-B3F3-BF1931D0A806}.Debug|x86.ActiveCfg = Debug|Win32
		{ECC52FCF-B901-4CD3-B3F3-BF1931D0A806}.Debug|x86.Build.0 = Debug|Win32
		{ECC52FCF-B901-4CD3-B3F3-BF1931D0A806}.Release|x64.ActiveCfg = Release|x64
		{ECC52FCF-B901-4CD3-B3F3-BF1931D0A806}.Release|x64.Build.0 = Release|x64
		{ECC52FCF-B901-4CD3-B3F3-BF1931D0A806}.Release|x86.ActiveCfg = Release|Win32
		{ECC52FCF-B901-4CD3-B3F3-BF1931D0A806}.Release|x86.Build.0 = Release|Win32
		{77E18774-A8D5-479B-B327-777877CA4C2F}.Debug|x64.ActiveCfg = Debug|x64
		{77E18774-A8D5-479B-B327-777877CA4C2F}.Debug|x64.Build.0 = Debug|x64
		{77E18774-A8D5-479B-B327-777877CA4C2F}.Debug|x86.ActiveCfg = Debug|Win32
		{77E18774-A8D5-479B-B327-777877CA4C2F}.Debug|x86.Build.0 = Debug|Win32
		{77E18774-A8D5-479B-B327-777877CA4C2F}.Release|x64.ActiveCfg = Release|x64
		{77E18774-A8D5-479B-B327-777877CA4C2F}.Release|x64.Build.0 = Release|x64
		{77E18774-A8D5-479B-B327-777877CA4C2F}.Release|x86.ActiveCfg = Release|Win32
		{77E18774-A8D5-479B-B327-777877CA4C2F}.Release|x86.Build.0 = Release|Win32
	EndGlobalSection
	GlobalSection(SolutionProperties) = preSolution
		HideSolutionNode = FALSE
	EndGlobalSection
	GlobalSection(ExtensibilityGlobals) = postSolution
		SolutionGuid = {E5999E4A-B4A1-4EC9-B2C8-48337862FF1D}
	EndGlobalSection
EndGlobal
